
Microsoft Visual Studio Solution File, Format Version 12.00
# Visual Studio Version 17
VisualStudioVersion = 17.1.32210.238
MinimumVisualStudioVersion = 10.0.40219.1
Project("{8BC9CEB8-8B4A-11D0-8D11-00A0C91BC942}") = "MGs_Engine", "MGs_Engine.vcxproj", "{958073AA-7FC6-484B-A371-D34161AFD2BF}"
EndProject
Global
	GlobalSection(SolutionConfigurationPlatforms) = preSolution
		Debug|x64 = Debug|x64
		Debug|x86 = Debug|x86
		Release|x64 = Release|x64
		Release|x86 = Release|x86
	EndGlobalSection
	GlobalSection(ProjectConfigurationPlatforms) = postSolution
		{958073AA-7FC6-484B-A371-D34161AFD2BF}.Debug|x64.ActiveCfg = Debug|x64
		{958073AA-7FC6-484B-A371-D34161AFD2BF}.Debug|x64.Build.0 = Debug|x64
		{958073AA-7FC6-484B-A371-D34161AFD2BF}.Debug|x86.ActiveCfg = Debug|Win32
		{958073AA-7FC6-484B-A371-D34161AFD2BF}.Debug|x86.Build.0 = Debug|Win32
		{958073AA-7FC6-484B-A371-D34161AFD2BF}.Release|x64.ActiveCfg = Release|x64
		{958073AA-7FC6-484B-A371-D34161AFD2BF}.Release|x64.Build.0 = Release|x64
		{958073AA-7FC6-484B-A371-D34161AFD2BF}.Release|x86.ActiveCfg = Release|Win32
		{958073AA-7FC6-484B-A371-D34161AFD2BF}.Release|x86.Build.0 = Release|Win32
	EndGlobalSection
	GlobalSection(SolutionProperties) = preSolution
		HideSolutionNode = FALSE
	EndGlobalSection
	GlobalSection(ExtensibilityGlobals) = postSolution
		SolutionGuid = {52708AE7-DEBF-4B0B-AD55-39E325F4B440}
	EndGlobalSection
EndGlobal
